
Microsoft Visual Studio Solution File, Format Version 12.00
# Visual Studio 15
VisualStudioVersion = 15.0.28010.2048
MinimumVisualStudioVersion = 10.0.40219.1
Project("{FAE04EC0-301F-11D3-BF4B-00C04F79EFBC}") = "GriffinPlus.Lib.CodeGeneration", "GriffinPlus.Lib.CodeGeneration\GriffinPlus.Lib.CodeGeneration.csproj", "{CE86DB00-1DCB-44AA-9533-36EA49F13193}"
EndProject
Project("{FAE04EC0-301F-11D3-BF4B-00C04F79EFBC}") = "GriffinPlus.Lib.CodeGeneration.Tests", "GriffinPlus.Lib.CodeGeneration.Tests\GriffinPlus.Lib.CodeGeneration.Tests.csproj", "{3374E2CE-4BE7-474A-9CCA-D933BBE3FB8D}"
EndProject
Global
	GlobalSection(SolutionConfigurationPlatforms) = preSolution
		Debug|Any CPU = Debug|Any CPU
		Release|Any CPU = Release|Any CPU
	EndGlobalSection
	GlobalSection(ProjectConfigurationPlatforms) = postSolution
		{CE86DB00-1DCB-44AA-9533-36EA49F13193}.Debug|Any CPU.ActiveCfg = Debug|Any CPU
		{CE86DB00-1DCB-44AA-9533-36EA49F13193}.Debug|Any CPU.Build.0 = Debug|Any CPU
		{CE86DB00-1DCB-44AA-9533-36EA49F13193}.Release|Any CPU.ActiveCfg = Release|Any CPU
		{CE86DB00-1DCB-44AA-9533-36EA49F13193}.Release|Any CPU.Build.0 = Release|Any CPU
		{3374E2CE-4BE7-474A-9CCA-D933BBE3FB8D}.Debug|Any CPU.ActiveCfg = Debug|Any CPU
		{3374E2CE-4BE7-474A-9CCA-D933BBE3FB8D}.Debug|Any CPU.Build.0 = Debug|Any CPU
		{3374E2CE-4BE7-474A-9CCA-D933BBE3FB8D}.Release|Any CPU.ActiveCfg = Release|Any CPU
		{3374E2CE-4BE7-474A-9CCA-D933BBE3FB8D}.Release|Any CPU.Build.0 = Release|Any CPU
	EndGlobalSection
	GlobalSection(SolutionProperties) = preSolution
		HideSolutionNode = FALSE
	EndGlobalSection
	GlobalSection(ExtensibilityGlobals) = postSolution
		SolutionGuid = {2755D9BB-CBB6-42D8-B3E8-1A24DC45B74D}
	EndGlobalSection
EndGlobal
